// !$*UTF8*$!
{
	archiveVersion = 1;
	classes = {
	};
	objectVersion = 48;
	objects = {

/* Begin PBXBuildFile section */
		4CB015661FC39EE900CAA6A6 /* PlaceTableViewCell.swift in Sources */ = {isa = PBXBuildFile; fileRef = 4CB015651FC39EE900CAA6A6 /* PlaceTableViewCell.swift */; };
		4CB015681FC3BD5000CAA6A6 /* Place.swift in Sources */ = {isa = PBXBuildFile; fileRef = 4CB015671FC3BD5000CAA6A6 /* Place.swift */; };
		4CB015831FC5243B00CAA6A6 /* FBSDKPlacesKit.framework in Frameworks */ = {isa = PBXBuildFile; fileRef = 4CB0157F1FC5243B00CAA6A6 /* FBSDKPlacesKit.framework */; };
		4CB015841FC5243B00CAA6A6 /* Bolts.framework in Frameworks */ = {isa = PBXBuildFile; fileRef = 4CB015801FC5243B00CAA6A6 /* Bolts.framework */; };
		4CB015861FC5243B00CAA6A6 /* AccountKit.framework in Frameworks */ = {isa = PBXBuildFile; fileRef = 4CB015821FC5243B00CAA6A6 /* AccountKit.framework */; };
		4CB0158F1FC5E2B000CAA6A6 /* FBNotifications.framework in Frameworks */ = {isa = PBXBuildFile; fileRef = 4CB0158A1FC5E2AF00CAA6A6 /* FBNotifications.framework */; };
		4CB015901FC5E2B000CAA6A6 /* FBSDKShareKit.framework in Frameworks */ = {isa = PBXBuildFile; fileRef = 4CB0158B1FC5E2AF00CAA6A6 /* FBSDKShareKit.framework */; };
		4CB015911FC5E2B000CAA6A6 /* FBSDKMessengerShareKit.framework in Frameworks */ = {isa = PBXBuildFile; fileRef = 4CB0158C1FC5E2B000CAA6A6 /* FBSDKMessengerShareKit.framework */; };
		4CB015921FC5E2B000CAA6A6 /* FBSDKLoginKit.framework in Frameworks */ = {isa = PBXBuildFile; fileRef = 4CB0158D1FC5E2B000CAA6A6 /* FBSDKLoginKit.framework */; };
		4CB015931FC5E2B000CAA6A6 /* FBSDKCoreKit.framework in Frameworks */ = {isa = PBXBuildFile; fileRef = 4CB0158E1FC5E2B000CAA6A6 /* FBSDKCoreKit.framework */; };
		4CC003E11FC36EEE007D5EB7 /* AppDelegate.swift in Sources */ = {isa = PBXBuildFile; fileRef = 4CC003E01FC36EEE007D5EB7 /* AppDelegate.swift */; };
		4CC003E31FC36EEE007D5EB7 /* ViewController.swift in Sources */ = {isa = PBXBuildFile; fileRef = 4CC003E21FC36EEE007D5EB7 /* ViewController.swift */; };
		4CC003E61FC36EEE007D5EB7 /* Main.storyboard in Resources */ = {isa = PBXBuildFile; fileRef = 4CC003E41FC36EEE007D5EB7 /* Main.storyboard */; };
		4CC003E81FC36EEE007D5EB7 /* Assets.xcassets in Resources */ = {isa = PBXBuildFile; fileRef = 4CC003E71FC36EEE007D5EB7 /* Assets.xcassets */; };
		4CC003EB1FC36EEE007D5EB7 /* LaunchScreen.storyboard in Resources */ = {isa = PBXBuildFile; fileRef = 4CC003E91FC36EEE007D5EB7 /* LaunchScreen.storyboard */; };
		F078AF991719EB5DAB5B3A4A /* Pods_placetest.framework in Frameworks */ = {isa = PBXBuildFile; fileRef = 930455D890AD27919D255038 /* Pods_placetest.framework */; };
/* End PBXBuildFile section */

/* Begin PBXFileReference section */
		2D25EE17845520DA73208797 /* Pods-placetest.debug.xcconfig */ = {isa = PBXFileReference; includeInIndex = 1; lastKnownFileType = text.xcconfig; name = "Pods-placetest.debug.xcconfig"; path = "Pods/Target Support Files/Pods-placetest/Pods-placetest.debug.xcconfig"; sourceTree = "<group>"; };
		4CB015651FC39EE900CAA6A6 /* PlaceTableViewCell.swift */ = {isa = PBXFileReference; lastKnownFileType = sourcecode.swift; path = PlaceTableViewCell.swift; sourceTree = "<group>"; };
		4CB015671FC3BD5000CAA6A6 /* Place.swift */ = {isa = PBXFileReference; lastKnownFileType = sourcecode.swift; path = Place.swift; sourceTree = "<group>"; };
		4CB0157F1FC5243B00CAA6A6 /* FBSDKPlacesKit.framework */ = {isa = PBXFileReference; lastKnownFileType = wrapper.framework; name = FBSDKPlacesKit.framework; path = "../../FacebookSDKs-iOS-4/FBSDKPlacesKit.framework"; sourceTree = "<group>"; };
		4CB015801FC5243B00CAA6A6 /* Bolts.framework */ = {isa = PBXFileReference; lastKnownFileType = wrapper.framework; name = Bolts.framework; path = "../../FacebookSDKs-iOS-4/Bolts.framework"; sourceTree = "<group>"; };
		4CB015821FC5243B00CAA6A6 /* AccountKit.framework */ = {isa = PBXFileReference; lastKnownFileType = wrapper.framework; name = AccountKit.framework; path = "../../FacebookSDKs-iOS-4/AccountKit.framework"; sourceTree = "<group>"; };
		4CB015871FC528E900CAA6A6 /* placetest-Bridging-Header.h */ = {isa = PBXFileReference; lastKnownFileType = sourcecode.c.h; path = "placetest-Bridging-Header.h"; sourceTree = "<group>"; };
		4CB0158A1FC5E2AF00CAA6A6 /* FBNotifications.framework */ = {isa = PBXFileReference; lastKnownFileType = wrapper.framework; name = FBNotifications.framework; path = "../../FacebookSDKs-iOS-4/FBNotifications.framework"; sourceTree = "<group>"; };
		4CB0158B1FC5E2AF00CAA6A6 /* FBSDKShareKit.framework */ = {isa = PBXFileReference; lastKnownFileType = wrapper.framework; name = FBSDKShareKit.framework; path = "../../FacebookSDKs-iOS-4/FBSDKShareKit.framework"; sourceTree = "<group>"; };
		4CB0158C1FC5E2B000CAA6A6 /* FBSDKMessengerShareKit.framework */ = {isa = PBXFileReference; lastKnownFileType = wrapper.framework; name = FBSDKMessengerShareKit.framework; path = "../../FacebookSDKs-iOS-4/FBSDKMessengerShareKit.framework"; sourceTree = "<group>"; };
		4CB0158D1FC5E2B000CAA6A6 /* FBSDKLoginKit.framework */ = {isa = PBXFileReference; lastKnownFileType = wrapper.framework; name = FBSDKLoginKit.framework; path = "../../FacebookSDKs-iOS-4/FBSDKLoginKit.framework"; sourceTree = "<group>"; };
		4CB0158E1FC5E2B000CAA6A6 /* FBSDKCoreKit.framework */ = {isa = PBXFileReference; lastKnownFileType = wrapper.framework; name = FBSDKCoreKit.framework; path = "../../FacebookSDKs-iOS-4/FBSDKCoreKit.framework"; sourceTree = "<group>"; };
		4CC003DD1FC36EEE007D5EB7 /* placetest.app */ = {isa = PBXFileReference; explicitFileType = wrapper.application; includeInIndex = 0; path = placetest.app; sourceTree = BUILT_PRODUCTS_DIR; };
		4CC003E01FC36EEE007D5EB7 /* AppDelegate.swift */ = {isa = PBXFileReference; lastKnownFileType = sourcecode.swift; path = AppDelegate.swift; sourceTree = "<group>"; };
		4CC003E21FC36EEE007D5EB7 /* ViewController.swift */ = {isa = PBXFileReference; lastKnownFileType = sourcecode.swift; path = ViewController.swift; sourceTree = "<group>"; };
		4CC003E51FC36EEE007D5EB7 /* Base */ = {isa = PBXFileReference; lastKnownFileType = file.storyboard; name = Base; path = Base.lproj/Main.storyboard; sourceTree = "<group>"; };
		4CC003E71FC36EEE007D5EB7 /* Assets.xcassets */ = {isa = PBXFileReference; lastKnownFileType = folder.assetcatalog; path = Assets.xcassets; sourceTree = "<group>"; };
		4CC003EA1FC36EEE007D5EB7 /* Base */ = {isa = PBXFileReference; lastKnownFileType = file.storyboard; name = Base; path = Base.lproj/LaunchScreen.storyboard; sourceTree = "<group>"; };
		4CC003EC1FC36EEE007D5EB7 /* Info.plist */ = {isa = PBXFileReference; lastKnownFileType = text.plist.xml; path = Info.plist; sourceTree = "<group>"; };
		930455D890AD27919D255038 /* Pods_placetest.framework */ = {isa = PBXFileReference; explicitFileType = wrapper.framework; includeInIndex = 0; path = Pods_placetest.framework; sourceTree = BUILT_PRODUCTS_DIR; };
		BBAF7F45F347D862649FAC85 /* Pods-placetest.release.xcconfig */ = {isa = PBXFileReference; includeInIndex = 1; lastKnownFileType = text.xcconfig; name = "Pods-placetest.release.xcconfig"; path = "Pods/Target Support Files/Pods-placetest/Pods-placetest.release.xcconfig"; sourceTree = "<group>"; };
/* End PBXFileReference section */

/* Begin PBXFrameworksBuildPhase section */
		4CC003DA1FC36EEE007D5EB7 /* Frameworks */ = {
			isa = PBXFrameworksBuildPhase;
			buildActionMask = 2147483647;
			files = (
				4CB015841FC5243B00CAA6A6 /* Bolts.framework in Frameworks */,
				4CB015861FC5243B00CAA6A6 /* AccountKit.framework in Frameworks */,
				4CB015901FC5E2B000CAA6A6 /* FBSDKShareKit.framework in Frameworks */,
				4CB015831FC5243B00CAA6A6 /* FBSDKPlacesKit.framework in Frameworks */,
				F078AF991719EB5DAB5B3A4A /* Pods_placetest.framework in Frameworks */,
				4CB0158F1FC5E2B000CAA6A6 /* FBNotifications.framework in Frameworks */,
				4CB015921FC5E2B000CAA6A6 /* FBSDKLoginKit.framework in Frameworks */,
				4CB015931FC5E2B000CAA6A6 /* FBSDKCoreKit.framework in Frameworks */,
				4CB015911FC5E2B000CAA6A6 /* FBSDKMessengerShareKit.framework in Frameworks */,
			);
			runOnlyForDeploymentPostprocessing = 0;
		};
/* End PBXFrameworksBuildPhase section */

/* Begin PBXGroup section */
		061EBB9C928542D7BC5DCA5E /* Frameworks */ = {
			isa = PBXGroup;
			children = (
				4CB0158A1FC5E2AF00CAA6A6 /* FBNotifications.framework */,
				4CB0158E1FC5E2B000CAA6A6 /* FBSDKCoreKit.framework */,
				4CB0158D1FC5E2B000CAA6A6 /* FBSDKLoginKit.framework */,
				4CB0158C1FC5E2B000CAA6A6 /* FBSDKMessengerShareKit.framework */,
				4CB0158B1FC5E2AF00CAA6A6 /* FBSDKShareKit.framework */,
				4CB015821FC5243B00CAA6A6 /* AccountKit.framework */,
				4CB015801FC5243B00CAA6A6 /* Bolts.framework */,
				4CB0157F1FC5243B00CAA6A6 /* FBSDKPlacesKit.framework */,
				930455D890AD27919D255038 /* Pods_placetest.framework */,
			);
			name = Frameworks;
			sourceTree = "<group>";
		};
		4CC003D41FC36EEE007D5EB7 = {
			isa = PBXGroup;
			children = (
				4CC003DF1FC36EEE007D5EB7 /* placetest */,
				4CC003DE1FC36EEE007D5EB7 /* Products */,
				E0F93254E3562126BF6004C2 /* Pods */,
				061EBB9C928542D7BC5DCA5E /* Frameworks */,
			);
			sourceTree = "<group>";
		};
		4CC003DE1FC36EEE007D5EB7 /* Products */ = {
			isa = PBXGroup;
			children = (
				4CC003DD1FC36EEE007D5EB7 /* placetest.app */,
			);
			name = Products;
			sourceTree = "<group>";
		};
		4CC003DF1FC36EEE007D5EB7 /* placetest */ = {
			isa = PBXGroup;
			children = (
				4CC003E01FC36EEE007D5EB7 /* AppDelegate.swift */,
				4CC003E21FC36EEE007D5EB7 /* ViewController.swift */,
				4CB015671FC3BD5000CAA6A6 /* Place.swift */,
				4CB015651FC39EE900CAA6A6 /* PlaceTableViewCell.swift */,
				4CC003E41FC36EEE007D5EB7 /* Main.storyboard */,
				4CC003E91FC36EEE007D5EB7 /* LaunchScreen.storyboard */,
				4CC003E71FC36EEE007D5EB7 /* Assets.xcassets */,
				4CC003EC1FC36EEE007D5EB7 /* Info.plist */,
				4CB015871FC528E900CAA6A6 /* placetest-Bridging-Header.h */,
			);
			path = placetest;
			sourceTree = "<group>";
		};
		E0F93254E3562126BF6004C2 /* Pods */ = {
			isa = PBXGroup;
			children = (
				2D25EE17845520DA73208797 /* Pods-placetest.debug.xcconfig */,
				BBAF7F45F347D862649FAC85 /* Pods-placetest.release.xcconfig */,
			);
			name = Pods;
			sourceTree = "<group>";
		};
/* End PBXGroup section */

/* Begin PBXNativeTarget section */
		4CC003DC1FC36EEE007D5EB7 /* placetest */ = {
			isa = PBXNativeTarget;
			buildConfigurationList = 4CC003EF1FC36EEE007D5EB7 /* Build configuration list for PBXNativeTarget "placetest" */;
			buildPhases = (
				B3429D148E9AF378D8FDAFF5 /* [CP] Check Pods Manifest.lock */,
				4CC003D91FC36EEE007D5EB7 /* Sources */,
				4CC003DA1FC36EEE007D5EB7 /* Frameworks */,
				4CC003DB1FC36EEE007D5EB7 /* Resources */,
				C175A288358EDD07B0A6E610 /* [CP] Embed Pods Frameworks */,
				2CF12AD4D1B78C0707372287 /* [CP] Copy Pods Resources */,
			);
			buildRules = (
			);
			dependencies = (
			);
			name = placetest;
			productName = placetest;
			productReference = 4CC003DD1FC36EEE007D5EB7 /* placetest.app */;
			productType = "com.apple.product-type.application";
		};
/* End PBXNativeTarget section */

/* Begin PBXProject section */
		4CC003D51FC36EEE007D5EB7 /* Project object */ = {
			isa = PBXProject;
			attributes = {
				LastSwiftUpdateCheck = 0910;
				LastUpgradeCheck = 0910;
				ORGANIZATIONNAME = "Benjamin Vigier";
				TargetAttributes = {
					4CC003DC1FC36EEE007D5EB7 = {
						CreatedOnToolsVersion = 9.1;
						LastSwiftMigration = 0910;
						ProvisioningStyle = Automatic;
					};
				};
			};
			buildConfigurationList = 4CC003D81FC36EEE007D5EB7 /* Build configuration list for PBXProject "placetest" */;
			compatibilityVersion = "Xcode 8.0";
			developmentRegion = en;
			hasScannedForEncodings = 0;
			knownRegions = (
				en,
				Base,
			);
			mainGroup = 4CC003D41FC36EEE007D5EB7;
			productRefGroup = 4CC003DE1FC36EEE007D5EB7 /* Products */;
			projectDirPath = "";
			projectRoot = "";
			targets = (
				4CC003DC1FC36EEE007D5EB7 /* placetest */,
			);
		};
/* End PBXProject section */

/* Begin PBXResourcesBuildPhase section */
		4CC003DB1FC36EEE007D5EB7 /* Resources */ = {
			isa = PBXResourcesBuildPhase;
			buildActionMask = 2147483647;
			files = (
				4CC003EB1FC36EEE007D5EB7 /* LaunchScreen.storyboard in Resources */,
				4CC003E81FC36EEE007D5EB7 /* Assets.xcassets in Resources */,
				4CC003E61FC36EEE007D5EB7 /* Main.storyboard in Resources */,
			);
			runOnlyForDeploymentPostprocessing = 0;
		};
/* End PBXResourcesBuildPhase section */

/* Begin PBXShellScriptBuildPhase section */
		2CF12AD4D1B78C0707372287 /* [CP] Copy Pods Resources */ = {
			isa = PBXShellScriptBuildPhase;
			buildActionMask = 2147483647;
			files = (
			);
			inputPaths = (
				"${SRCROOT}/Pods/Target Support Files/Pods-placetest/Pods-placetest-resources.sh",
				"${PODS_ROOT}/GoogleMaps/Maps/Frameworks/GoogleMaps.framework/Versions/A/Resources/GoogleMaps.bundle",
				"${PODS_ROOT}/GooglePlacePicker/Frameworks/GooglePlacePicker.framework/Versions/A/Resources/GooglePlacePicker.bundle",
				"${PODS_ROOT}/GooglePlaces/Frameworks/GooglePlaces.framework/Versions/A/Resources/GooglePlaces.bundle",
			);
			name = "[CP] Copy Pods Resources";
			outputPaths = (
				"${TARGET_BUILD_DIR}/${UNLOCALIZED_RESOURCES_FOLDER_PATH}",
			);
			runOnlyForDeploymentPostprocessing = 0;
			shellPath = /bin/sh;
			shellScript = "\"${SRCROOT}/Pods/Target Support Files/Pods-placetest/Pods-placetest-resources.sh\"\n";
			showEnvVarsInLog = 0;
		};
		B3429D148E9AF378D8FDAFF5 /* [CP] Check Pods Manifest.lock */ = {
			isa = PBXShellScriptBuildPhase;
			buildActionMask = 2147483647;
			files = (
			);
			inputPaths = (
				"${PODS_PODFILE_DIR_PATH}/Podfile.lock",
				"${PODS_ROOT}/Manifest.lock",
			);
			name = "[CP] Check Pods Manifest.lock";
			outputPaths = (
				"$(DERIVED_FILE_DIR)/Pods-placetest-checkManifestLockResult.txt",
			);
			runOnlyForDeploymentPostprocessing = 0;
			shellPath = /bin/sh;
			shellScript = "diff \"${PODS_PODFILE_DIR_PATH}/Podfile.lock\" \"${PODS_ROOT}/Manifest.lock\" > /dev/null\nif [ $? != 0 ] ; then\n    # print error to STDERR\n    echo \"error: The sandbox is not in sync with the Podfile.lock. Run 'pod install' or update your CocoaPods installation.\" >&2\n    exit 1\nfi\n# This output is used by Xcode 'outputs' to avoid re-running this script phase.\necho \"SUCCESS\" > \"${SCRIPT_OUTPUT_FILE_0}\"\n";
			showEnvVarsInLog = 0;
		};
		C175A288358EDD07B0A6E610 /* [CP] Embed Pods Frameworks */ = {
			isa = PBXShellScriptBuildPhase;
			buildActionMask = 2147483647;
			files = (
			);
			inputPaths = (
				"${SRCROOT}/Pods/Target Support Files/Pods-placetest/Pods-placetest-frameworks.sh",
				"${BUILT_PRODUCTS_DIR}/Alamofire/Alamofire.framework",
				"${BUILT_PRODUCTS_DIR}/ProgressHUD/ProgressHUD.framework",
				"${BUILT_PRODUCTS_DIR}/SwiftyJSON/SwiftyJSON.framework",
			);
			name = "[CP] Embed Pods Frameworks";
			outputPaths = (
				"${TARGET_BUILD_DIR}/${FRAMEWORKS_FOLDER_PATH}/Alamofire.framework",
				"${TARGET_BUILD_DIR}/${FRAMEWORKS_FOLDER_PATH}/ProgressHUD.framework",
				"${TARGET_BUILD_DIR}/${FRAMEWORKS_FOLDER_PATH}/SwiftyJSON.framework",
			);
			runOnlyForDeploymentPostprocessing = 0;
			shellPath = /bin/sh;
			shellScript = "\"${SRCROOT}/Pods/Target Support Files/Pods-placetest/Pods-placetest-frameworks.sh\"\n";
			showEnvVarsInLog = 0;
		};
/* End PBXShellScriptBuildPhase section */

/* Begin PBXSourcesBuildPhase section */
		4CC003D91FC36EEE007D5EB7 /* Sources */ = {
			isa = PBXSourcesBuildPhase;
			buildActionMask = 2147483647;
			files = (
				4CC003E31FC36EEE007D5EB7 /* ViewController.swift in Sources */,
				4CC003E11FC36EEE007D5EB7 /* AppDelegate.swift in Sources */,
				4CB015661FC39EE900CAA6A6 /* PlaceTableViewCell.swift in Sources */,
				4CB015681FC3BD5000CAA6A6 /* Place.swift in Sources */,
			);
			runOnlyForDeploymentPostprocessing = 0;
		};
/* End PBXSourcesBuildPhase section */

/* Begin PBXVariantGroup section */
		4CC003E41FC36EEE007D5EB7 /* Main.storyboard */ = {
			isa = PBXVariantGroup;
			children = (
				4CC003E51FC36EEE007D5EB7 /* Base */,
			);
			name = Main.storyboard;
			sourceTree = "<group>";
		};
		4CC003E91FC36EEE007D5EB7 /* LaunchScreen.storyboard */ = {
			isa = PBXVariantGroup;
			children = (
				4CC003EA1FC36EEE007D5EB7 /* Base */,
			);
			name = LaunchScreen.storyboard;
			sourceTree = "<group>";
		};
/* End PBXVariantGroup section */

/* Begin XCBuildConfiguration section */
		4CC003ED1FC36EEE007D5EB7 /* Debug */ = {
			isa = XCBuildConfiguration;
			buildSettings = {
				ALWAYS_SEARCH_USER_PATHS = NO;
				CLANG_ANALYZER_NONNULL = YES;
				CLANG_ANALYZER_NUMBER_OBJECT_CONVERSION = YES_AGGRESSIVE;
				CLANG_CXX_LANGUAGE_STANDARD = "gnu++14";
				CLANG_CXX_LIBRARY = "libc++";
				CLANG_ENABLE_MODULES = YES;
				CLANG_ENABLE_OBJC_ARC = YES;
				CLANG_WARN_BLOCK_CAPTURE_AUTORELEASING = YES;
				CLANG_WARN_BOOL_CONVERSION = YES;
				CLANG_WARN_COMMA = YES;
				CLANG_WARN_CONSTANT_CONVERSION = YES;
				CLANG_WARN_DIRECT_OBJC_ISA_USAGE = YES_ERROR;
				CLANG_WARN_DOCUMENTATION_COMMENTS = YES;
				CLANG_WARN_EMPTY_BODY = YES;
				CLANG_WARN_ENUM_CONVERSION = YES;
				CLANG_WARN_INFINITE_RECURSION = YES;
				CLANG_WARN_INT_CONVERSION = YES;
				CLANG_WARN_NON_LITERAL_NULL_CONVERSION = YES;
				CLANG_WARN_OBJC_LITERAL_CONVERSION = YES;
				CLANG_WARN_OBJC_ROOT_CLASS = YES_ERROR;
				CLANG_WARN_RANGE_LOOP_ANALYSIS = YES;
				CLANG_WARN_STRICT_PROTOTYPES = YES;
				CLANG_WARN_SUSPICIOUS_MOVE = YES;
				CLANG_WARN_UNGUARDED_AVAILABILITY = YES_AGGRESSIVE;
				CLANG_WARN_UNREACHABLE_CODE = YES;
				CLANG_WARN__DUPLICATE_METHOD_MATCH = YES;
				CODE_SIGN_IDENTITY = "iPhone Developer";
				COPY_PHASE_STRIP = NO;
				DEBUG_INFORMATION_FORMAT = dwarf;
				ENABLE_STRICT_OBJC_MSGSEND = YES;
				ENABLE_TESTABILITY = YES;
				GCC_C_LANGUAGE_STANDARD = gnu11;
				GCC_DYNAMIC_NO_PIC = NO;
				GCC_NO_COMMON_BLOCKS = YES;
				GCC_OPTIMIZATION_LEVEL = 0;
				GCC_PREPROCESSOR_DEFINITIONS = (
					"DEBUG=1",
					"$(inherited)",
				);
				GCC_WARN_64_TO_32_BIT_CONVERSION = YES;
				GCC_WARN_ABOUT_RETURN_TYPE = YES_ERROR;
				GCC_WARN_UNDECLARED_SELECTOR = YES;
				GCC_WARN_UNINITIALIZED_AUTOS = YES_AGGRESSIVE;
				GCC_WARN_UNUSED_FUNCTION = YES;
				GCC_WARN_UNUSED_VARIABLE = YES;
				IPHONEOS_DEPLOYMENT_TARGET = 11.1;
				MTL_ENABLE_DEBUG_INFO = YES;
				ONLY_ACTIVE_ARCH = YES;
				SDKROOT = iphoneos;
				SWIFT_ACTIVE_COMPILATION_CONDITIONS = DEBUG;
				SWIFT_OPTIMIZATION_LEVEL = "-Onone";
			};
			name = Debug;
		};
		4CC003EE1FC36EEE007D5EB7 /* Release */ = {
			isa = XCBuildConfiguration;
			buildSettings = {
				ALWAYS_SEARCH_USER_PATHS = NO;
				CLANG_ANALYZER_NONNULL = YES;
				CLANG_ANALYZER_NUMBER_OBJECT_CONVERSION = YES_AGGRESSIVE;
				CLANG_CXX_LANGUAGE_STANDARD = "gnu++14";
				CLANG_CXX_LIBRARY = "libc++";
				CLANG_ENABLE_MODULES = YES;
				CLANG_ENABLE_OBJC_ARC = YES;
				CLANG_WARN_BLOCK_CAPTURE_AUTORELEASING = YES;
				CLANG_WARN_BOOL_CONVERSION = YES;
				CLANG_WARN_COMMA = YES;
				CLANG_WARN_CONSTANT_CONVERSION = YES;
				CLANG_WARN_DIRECT_OBJC_ISA_USAGE = YES_ERROR;
				CLANG_WARN_DOCUMENTATION_COMMENTS = YES;
				CLANG_WARN_EMPTY_BODY = YES;
				CLANG_WARN_ENUM_CONVERSION = YES;
				CLANG_WARN_INFINITE_RECURSION = YES;
				CLANG_WARN_INT_CONVERSION = YES;
				CLANG_WARN_NON_LITERAL_NULL_CONVERSION = YES;
				CLANG_WARN_OBJC_LITERAL_CONVERSION = YES;
				CLANG_WARN_OBJC_ROOT_CLASS = YES_ERROR;
				CLANG_WARN_RANGE_LOOP_ANALYSIS = YES;
				CLANG_WARN_STRICT_PROTOTYPES = YES;
				CLANG_WARN_SUSPICIOUS_MOVE = YES;
				CLANG_WARN_UNGUARDED_AVAILABILITY = YES_AGGRESSIVE;
				CLANG_WARN_UNREACHABLE_CODE = YES;
				CLANG_WARN__DUPLICATE_METHOD_MATCH = YES;
				CODE_SIGN_IDENTITY = "iPhone Developer";
				COPY_PHASE_STRIP = NO;
				DEBUG_INFORMATION_FORMAT = "dwarf-with-dsym";
				ENABLE_NS_ASSERTIONS = NO;
				ENABLE_STRICT_OBJC_MSGSEND = YES;
				GCC_C_LANGUAGE_STANDARD = gnu11;
				GCC_NO_COMMON_BLOCKS = YES;
				GCC_WARN_64_TO_32_BIT_CONVERSION = YES;
				GCC_WARN_ABOUT_RETURN_TYPE = YES_ERROR;
				GCC_WARN_UNDECLARED_SELECTOR = YES;
				GCC_WARN_UNINITIALIZED_AUTOS = YES_AGGRESSIVE;
				GCC_WARN_UNUSED_FUNCTION = YES;
				GCC_WARN_UNUSED_VARIABLE = YES;
				IPHONEOS_DEPLOYMENT_TARGET = 11.1;
				MTL_ENABLE_DEBUG_INFO = NO;
				SDKROOT = iphoneos;
				SWIFT_OPTIMIZATION_LEVEL = "-Owholemodule";
				VALIDATE_PRODUCT = YES;
			};
			name = Release;
		};
		4CC003F01FC36EEE007D5EB7 /* Debug */ = {
			isa = XCBuildConfiguration;
			baseConfigurationReference = 2D25EE17845520DA73208797 /* Pods-placetest.debug.xcconfig */;
			buildSettings = {
				ASSETCATALOG_COMPILER_APPICON_NAME = AppIcon;
				CLANG_ENABLE_MODULES = YES;
				CODE_SIGN_STYLE = Automatic;
				DEVELOPMENT_TEAM = 2NFX69W7GU;
				ENABLE_BITCODE = NO;
				FRAMEWORK_SEARCH_PATHS = (
					"$(inherited)",
					"\"$PODS_CONFIGURATION_BUILD_DIR/Alamofire\"",
					"\"$PODS_CONFIGURATION_BUILD_DIR/ProgressHUD\"",
					"\"$PODS_CONFIGURATION_BUILD_DIR/SwiftyJSON\"",
					"\"~/Documents/FacebookSDK\"",
				);
				INFOPLIST_FILE = placetest/Info.plist;
				LD_RUNPATH_SEARCH_PATHS = "$(inherited) @executable_path/Frameworks";
				PRODUCT_BUNDLE_IDENTIFIER = com.benvigier.placetest;
				PRODUCT_NAME = "$(TARGET_NAME)";
				SWIFT_OBJC_BRIDGING_HEADER = "placetest/placetest-Bridging-Header.h";
				SWIFT_OPTIMIZATION_LEVEL = "-Onone";
				SWIFT_VERSION = 4.0;
				TARGETED_DEVICE_FAMILY = 1;
			};
			name = Debug;
		};
		4CC003F11FC36EEE007D5EB7 /* Release */ = {
			isa = XCBuildConfiguration;
			baseConfigurationReference = BBAF7F45F347D862649FAC85 /* Pods-placetest.release.xcconfig */;
			buildSettings = {
				ASSETCATALOG_COMPILER_APPICON_NAME = AppIcon;
				CLANG_ENABLE_MODULES = YES;
				CODE_SIGN_STYLE = Automatic;
				DEVELOPMENT_TEAM = 2NFX69W7GU;
				ENABLE_BITCODE = YES;
				FRAMEWORK_SEARCH_PATHS = (
					"$(inherited)",
					"\"$PODS_CONFIGURATION_BUILD_DIR/Alamofire\"",
					"\"$PODS_CONFIGURATION_BUILD_DIR/ProgressHUD\"",
					"\"$PODS_CONFIGURATION_BUILD_DIR/SwiftyJSON\"",
					"\"~/Documents/FacebookSDK\"",
				);
				INFOPLIST_FILE = placetest/Info.plist;
				LD_RUNPATH_SEARCH_PATHS = "$(inherited) @executable_path/Frameworks";
				PRODUCT_BUNDLE_IDENTIFIER = com.benvigier.placetest;
				PRODUCT_NAME = "$(TARGET_NAME)";
				SWIFT_OBJC_BRIDGING_HEADER = "placetest/placetest-Bridging-Header.h";
				SWIFT_VERSION = 4.0;
				TARGETED_DEVICE_FAMILY = 1;
			};
			name = Release;
		};
/* End XCBuildConfiguration section */

/* Begin XCConfigurationList section */
		4CC003D81FC36EEE007D5EB7 /* Build configuration list for PBXProject "placetest" */ = {
			isa = XCConfigurationList;
			buildConfigurations = (
				4CC003ED1FC36EEE007D5EB7 /* Debug */,
				4CC003EE1FC36EEE007D5EB7 /* Release */,
			);
			defaultConfigurationIsVisible = 0;
			defaultConfigurationName = Release;
		};
		4CC003EF1FC36EEE007D5EB7 /* Build configuration list for PBXNativeTarget "placetest" */ = {
			isa = XCConfigurationList;
			buildConfigurations = (
				4CC003F01FC36EEE007D5EB7 /* Debug */,
				4CC003F11FC36EEE007D5EB7 /* Release */,
			);
			defaultConfigurationIsVisible = 0;
			defaultConfigurationName = Release;
		};
/* End XCConfigurationList section */
	};
	rootObject = 4CC003D51FC36EEE007D5EB7 /* Project object */;
}
